
Microsoft Visual Studio Solution File, Format Version 12.00
# Visual Studio Version 16
VisualStudioVersion = 16.0.30621.155
MinimumVisualStudioVersion = 10.0.40219.1
Project("{FAE04EC0-301F-11D3-BF4B-00C04F79EFBC}") = "OrgHours", "OrgHours.csproj", "{3FAB8B8B-8CA0-4442-B5DF-4E92B4241CC5}"
EndProject
Global
	GlobalSection(SolutionConfigurationPlatforms) = preSolution
		Debug|Any CPU = Debug|Any CPU
		Release|Any CPU = Release|Any CPU
	EndGlobalSection
	GlobalSection(ProjectConfigurationPlatforms) = postSolution
		{3FAB8B8B-8CA0-4442-B5DF-4E92B4241CC5}.Debug|Any CPU.ActiveCfg = Debug|Any CPU
		{3FAB8B8B-8CA0-4442-B5DF-4E92B4241CC5}.Debug|Any CPU.Build.0 = Debug|Any CPU
		{3FAB8B8B-8CA0-4442-B5DF-4E92B4241CC5}.Release|Any CPU.ActiveCfg = Release|Any CPU
		{3FAB8B8B-8CA0-4442-B5DF-4E92B4241CC5}.Release|Any CPU.Build.0 = Release|Any CPU
	EndGlobalSection
	GlobalSection(SolutionProperties) = preSolution
		HideSolutionNode = FALSE
	EndGlobalSection
	GlobalSection(ExtensibilityGlobals) = postSolution
		SolutionGuid = {9661F387-3850-4B57-B6A2-9B79F60DAA02}
	EndGlobalSection
EndGlobal
